// !$*UTF8*$!
{
	archiveVersion = 1;
	classes = {
	};
	objectVersion = 55;
	objects = {

/* Begin PBXBuildFile section */
		8B7684AC27E895C200F6B784 /* TouchdownApp.swift in Sources */ = {isa = PBXBuildFile; fileRef = 8B7684AB27E895C200F6B784 /* TouchdownApp.swift */; };
		8B7684AE27E895C200F6B784 /* ContentView.swift in Sources */ = {isa = PBXBuildFile; fileRef = 8B7684AD27E895C200F6B784 /* ContentView.swift */; };
		8B7684B027E895C300F6B784 /* Assets.xcassets in Resources */ = {isa = PBXBuildFile; fileRef = 8B7684AF27E895C300F6B784 /* Assets.xcassets */; };
		8B7684B327E895C300F6B784 /* Preview Assets.xcassets in Resources */ = {isa = PBXBuildFile; fileRef = 8B7684B227E895C300F6B784 /* Preview Assets.xcassets */; };
		8B7684BE27E8969800F6B784 /* brand.json in Resources */ = {isa = PBXBuildFile; fileRef = 8B7684BA27E8969800F6B784 /* brand.json */; };
		8B7684BF27E8969800F6B784 /* player.json in Resources */ = {isa = PBXBuildFile; fileRef = 8B7684BB27E8969800F6B784 /* player.json */; };
		8B7684C027E8969800F6B784 /* category.json in Resources */ = {isa = PBXBuildFile; fileRef = 8B7684BC27E8969800F6B784 /* category.json */; };
		8B7684C127E8969800F6B784 /* product.json in Resources */ = {isa = PBXBuildFile; fileRef = 8B7684BD27E8969800F6B784 /* product.json */; };
		8B7684C927E8977400F6B784 /* Constant.swift in Sources */ = {isa = PBXBuildFile; fileRef = 8B7684C827E8977400F6B784 /* Constant.swift */; };
		8B7684CD27E8981B00F6B784 /* HomeFooterView.swift in Sources */ = {isa = PBXBuildFile; fileRef = 8B7684CC27E8981B00F6B784 /* HomeFooterView.swift */; };
		8B9A2C6C27E9C1BD00A59B99 /* HomeNavigationBarView.swift in Sources */ = {isa = PBXBuildFile; fileRef = 8B9A2C6B27E9C1BD00A59B99 /* HomeNavigationBarView.swift */; };
		8B9A2C6E27E9C2CB00A59B99 /* LogoView.swift in Sources */ = {isa = PBXBuildFile; fileRef = 8B9A2C6D27E9C2CB00A59B99 /* LogoView.swift */; };
		8B9A2C7027E9D26100A59B99 /* Player.swift in Sources */ = {isa = PBXBuildFile; fileRef = 8B9A2C6F27E9D26100A59B99 /* Player.swift */; };
		8B9A2C7227E9D2A900A59B99 /* Decoder.swift in Sources */ = {isa = PBXBuildFile; fileRef = 8B9A2C7127E9D2A900A59B99 /* Decoder.swift */; };
		8B9A2C7427E9D35200A59B99 /* Brand.swift in Sources */ = {isa = PBXBuildFile; fileRef = 8B9A2C7327E9D35200A59B99 /* Brand.swift */; };
		8B9A2C7627E9D39D00A59B99 /* Category.swift in Sources */ = {isa = PBXBuildFile; fileRef = 8B9A2C7527E9D39D00A59B99 /* Category.swift */; };
		8B9A2C7827E9D3D200A59B99 /* Product.swift in Sources */ = {isa = PBXBuildFile; fileRef = 8B9A2C7727E9D3D200A59B99 /* Product.swift */; };
		8B9A2C7C27E9D4B900A59B99 /* FeaturedItemView.swift in Sources */ = {isa = PBXBuildFile; fileRef = 8B9A2C7B27E9D4B900A59B99 /* FeaturedItemView.swift */; };
		8B9A2C7E27E9D55600A59B99 /* FeaturedTabView.swift in Sources */ = {isa = PBXBuildFile; fileRef = 8B9A2C7D27E9D55600A59B99 /* FeaturedTabView.swift */; };
		8B9A2C8027E9D8CD00A59B99 /* CategoryItemView.swift in Sources */ = {isa = PBXBuildFile; fileRef = 8B9A2C7F27E9D8CD00A59B99 /* CategoryItemView.swift */; };
		8B9A2C8227E9D9B800A59B99 /* CategoryGridView.swift in Sources */ = {isa = PBXBuildFile; fileRef = 8B9A2C8127E9D9B800A59B99 /* CategoryGridView.swift */; };
		8B9A2C8427E9DB8500A59B99 /* SectionView.swift in Sources */ = {isa = PBXBuildFile; fileRef = 8B9A2C8327E9DB8500A59B99 /* SectionView.swift */; };
		8B9A2C8627E9DD2300A59B99 /* TitleView.swift in Sources */ = {isa = PBXBuildFile; fileRef = 8B9A2C8527E9DD2300A59B99 /* TitleView.swift */; };
		8B9A2C8827E9DE0800A59B99 /* ProductItemView.swift in Sources */ = {isa = PBXBuildFile; fileRef = 8B9A2C8727E9DE0800A59B99 /* ProductItemView.swift */; };
		8B9A2C8A27E9DFE400A59B99 /* BrandItemView.swift in Sources */ = {isa = PBXBuildFile; fileRef = 8B9A2C8927E9DFE400A59B99 /* BrandItemView.swift */; };
		8B9A2C8C27E9E03E00A59B99 /* BrandGridView.swift in Sources */ = {isa = PBXBuildFile; fileRef = 8B9A2C8B27E9E03E00A59B99 /* BrandGridView.swift */; };
		8B9A2C8E27E9E16400A59B99 /* ProductDetailView.swift in Sources */ = {isa = PBXBuildFile; fileRef = 8B9A2C8D27E9E16400A59B99 /* ProductDetailView.swift */; };
		8B9A2C9027E9E24F00A59B99 /* ProductDetailNavigationBarView.swift in Sources */ = {isa = PBXBuildFile; fileRef = 8B9A2C8F27E9E24F00A59B99 /* ProductDetailNavigationBarView.swift */; };
		8B9A2C9227E9E41600A59B99 /* ProductDetailHeaderView.swift in Sources */ = {isa = PBXBuildFile; fileRef = 8B9A2C9127E9E41600A59B99 /* ProductDetailHeaderView.swift */; };
		8B9A2C9427E9E51000A59B99 /* ProductDetailTopPartView.swift in Sources */ = {isa = PBXBuildFile; fileRef = 8B9A2C9327E9E51000A59B99 /* ProductDetailTopPartView.swift */; };
		8B9A2C9627E9E7FF00A59B99 /* CustomShape.swift in Sources */ = {isa = PBXBuildFile; fileRef = 8B9A2C9527E9E7FF00A59B99 /* CustomShape.swift */; };
		8B9A2C9827E9E93000A59B99 /* ProductDetailRatingsSizesView.swift in Sources */ = {isa = PBXBuildFile; fileRef = 8B9A2C9727E9E93000A59B99 /* ProductDetailRatingsSizesView.swift */; };
		8B9A2C9A27E9EB6E00A59B99 /* ProductDetailQuantityFavouriteView.swift in Sources */ = {isa = PBXBuildFile; fileRef = 8B9A2C9927E9EB6E00A59B99 /* ProductDetailQuantityFavouriteView.swift */; };
		8B9A2C9C27E9ECF300A59B99 /* ProductDetailAddToCartView.swift in Sources */ = {isa = PBXBuildFile; fileRef = 8B9A2C9B27E9ECF300A59B99 /* ProductDetailAddToCartView.swift */; };
		8B9A2C9E27EA1CA500A59B99 /* Shop.swift in Sources */ = {isa = PBXBuildFile; fileRef = 8B9A2C9D27EA1CA500A59B99 /* Shop.swift */; };
/* End PBXBuildFile section */

/* Begin PBXFileReference section */
		8B7684A827E895C200F6B784 /* Touchdown.app */ = {isa = PBXFileReference; explicitFileType = wrapper.application; includeInIndex = 0; path = Touchdown.app; sourceTree = BUILT_PRODUCTS_DIR; };
		8B7684AB27E895C200F6B784 /* TouchdownApp.swift */ = {isa = PBXFileReference; lastKnownFileType = sourcecode.swift; path = TouchdownApp.swift; sourceTree = "<group>"; };
		8B7684AD27E895C200F6B784 /* ContentView.swift */ = {isa = PBXFileReference; lastKnownFileType = sourcecode.swift; path = ContentView.swift; sourceTree = "<group>"; };
		8B7684AF27E895C300F6B784 /* Assets.xcassets */ = {isa = PBXFileReference; lastKnownFileType = folder.assetcatalog; path = Assets.xcassets; sourceTree = "<group>"; };
		8B7684B227E895C300F6B784 /* Preview Assets.xcassets */ = {isa = PBXFileReference; lastKnownFileType = folder.assetcatalog; path = "Preview Assets.xcassets"; sourceTree = "<group>"; };
		8B7684BA27E8969800F6B784 /* brand.json */ = {isa = PBXFileReference; fileEncoding = 4; lastKnownFileType = text.json; path = brand.json; sourceTree = "<group>"; };
		8B7684BB27E8969800F6B784 /* player.json */ = {isa = PBXFileReference; fileEncoding = 4; lastKnownFileType = text.json; path = player.json; sourceTree = "<group>"; };
		8B7684BC27E8969800F6B784 /* category.json */ = {isa = PBXFileReference; fileEncoding = 4; lastKnownFileType = text.json; path = category.json; sourceTree = "<group>"; };
		8B7684BD27E8969800F6B784 /* product.json */ = {isa = PBXFileReference; fileEncoding = 4; lastKnownFileType = text.json; path = product.json; sourceTree = "<group>"; };
		8B7684C427E896F200F6B784 /* Info.plist */ = {isa = PBXFileReference; lastKnownFileType = text.plist; path = Info.plist; sourceTree = "<group>"; };
		8B7684C827E8977400F6B784 /* Constant.swift */ = {isa = PBXFileReference; lastKnownFileType = sourcecode.swift; path = Constant.swift; sourceTree = "<group>"; };
		8B7684CC27E8981B00F6B784 /* HomeFooterView.swift */ = {isa = PBXFileReference; lastKnownFileType = sourcecode.swift; path = HomeFooterView.swift; sourceTree = "<group>"; };
		8B9A2C6B27E9C1BD00A59B99 /* HomeNavigationBarView.swift */ = {isa = PBXFileReference; lastKnownFileType = sourcecode.swift; path = HomeNavigationBarView.swift; sourceTree = "<group>"; };
		8B9A2C6D27E9C2CB00A59B99 /* LogoView.swift */ = {isa = PBXFileReference; lastKnownFileType = sourcecode.swift; path = LogoView.swift; sourceTree = "<group>"; };
		8B9A2C6F27E9D26100A59B99 /* Player.swift */ = {isa = PBXFileReference; lastKnownFileType = sourcecode.swift; path = Player.swift; sourceTree = "<group>"; };
		8B9A2C7127E9D2A900A59B99 /* Decoder.swift */ = {isa = PBXFileReference; lastKnownFileType = sourcecode.swift; path = Decoder.swift; sourceTree = "<group>"; };
		8B9A2C7327E9D35200A59B99 /* Brand.swift */ = {isa = PBXFileReference; lastKnownFileType = sourcecode.swift; path = Brand.swift; sourceTree = "<group>"; };
		8B9A2C7527E9D39D00A59B99 /* Category.swift */ = {isa = PBXFileReference; lastKnownFileType = sourcecode.swift; path = Category.swift; sourceTree = "<group>"; };
		8B9A2C7727E9D3D200A59B99 /* Product.swift */ = {isa = PBXFileReference; lastKnownFileType = sourcecode.swift; path = Product.swift; sourceTree = "<group>"; };
		8B9A2C7B27E9D4B900A59B99 /* FeaturedItemView.swift */ = {isa = PBXFileReference; lastKnownFileType = sourcecode.swift; path = FeaturedItemView.swift; sourceTree = "<group>"; };
		8B9A2C7D27E9D55600A59B99 /* FeaturedTabView.swift */ = {isa = PBXFileReference; lastKnownFileType = sourcecode.swift; path = FeaturedTabView.swift; sourceTree = "<group>"; };
		8B9A2C7F27E9D8CD00A59B99 /* CategoryItemView.swift */ = {isa = PBXFileReference; lastKnownFileType = sourcecode.swift; path = CategoryItemView.swift; sourceTree = "<group>"; };
		8B9A2C8127E9D9B800A59B99 /* CategoryGridView.swift */ = {isa = PBXFileReference; lastKnownFileType = sourcecode.swift; path = CategoryGridView.swift; sourceTree = "<group>"; };
		8B9A2C8327E9DB8500A59B99 /* SectionView.swift */ = {isa = PBXFileReference; lastKnownFileType = sourcecode.swift; path = SectionView.swift; sourceTree = "<group>"; };
		8B9A2C8527E9DD2300A59B99 /* TitleView.swift */ = {isa = PBXFileReference; lastKnownFileType = sourcecode.swift; path = TitleView.swift; sourceTree = "<group>"; };
		8B9A2C8727E9DE0800A59B99 /* ProductItemView.swift */ = {isa = PBXFileReference; lastKnownFileType = sourcecode.swift; path = ProductItemView.swift; sourceTree = "<group>"; };
		8B9A2C8927E9DFE400A59B99 /* BrandItemView.swift */ = {isa = PBXFileReference; lastKnownFileType = sourcecode.swift; path = BrandItemView.swift; sourceTree = "<group>"; };
		8B9A2C8B27E9E03E00A59B99 /* BrandGridView.swift */ = {isa = PBXFileReference; lastKnownFileType = sourcecode.swift; path = BrandGridView.swift; sourceTree = "<group>"; };
		8B9A2C8D27E9E16400A59B99 /* ProductDetailView.swift */ = {isa = PBXFileReference; lastKnownFileType = sourcecode.swift; path = ProductDetailView.swift; sourceTree = "<group>"; };
		8B9A2C8F27E9E24F00A59B99 /* ProductDetailNavigationBarView.swift */ = {isa = PBXFileReference; lastKnownFileType = sourcecode.swift; path = ProductDetailNavigationBarView.swift; sourceTree = "<group>"; };
		8B9A2C9127E9E41600A59B99 /* ProductDetailHeaderView.swift */ = {isa = PBXFileReference; lastKnownFileType = sourcecode.swift; path = ProductDetailHeaderView.swift; sourceTree = "<group>"; };
		8B9A2C9327E9E51000A59B99 /* ProductDetailTopPartView.swift */ = {isa = PBXFileReference; lastKnownFileType = sourcecode.swift; path = ProductDetailTopPartView.swift; sourceTree = "<group>"; };
		8B9A2C9527E9E7FF00A59B99 /* CustomShape.swift */ = {isa = PBXFileReference; lastKnownFileType = sourcecode.swift; path = CustomShape.swift; sourceTree = "<group>"; };
		8B9A2C9727E9E93000A59B99 /* ProductDetailRatingsSizesView.swift */ = {isa = PBXFileReference; lastKnownFileType = sourcecode.swift; path = ProductDetailRatingsSizesView.swift; sourceTree = "<group>"; };
		8B9A2C9927E9EB6E00A59B99 /* ProductDetailQuantityFavouriteView.swift */ = {isa = PBXFileReference; lastKnownFileType = sourcecode.swift; path = ProductDetailQuantityFavouriteView.swift; sourceTree = "<group>"; };
		8B9A2C9B27E9ECF300A59B99 /* ProductDetailAddToCartView.swift */ = {isa = PBXFileReference; lastKnownFileType = sourcecode.swift; path = ProductDetailAddToCartView.swift; sourceTree = "<group>"; };
		8B9A2C9D27EA1CA500A59B99 /* Shop.swift */ = {isa = PBXFileReference; lastKnownFileType = sourcecode.swift; path = Shop.swift; sourceTree = "<group>"; };
/* End PBXFileReference section */

/* Begin PBXFrameworksBuildPhase section */
		8B7684A527E895C200F6B784 /* Frameworks */ = {
			isa = PBXFrameworksBuildPhase;
			buildActionMask = 2147483647;
			files = (
			);
			runOnlyForDeploymentPostprocessing = 0;
		};
/* End PBXFrameworksBuildPhase section */

/* Begin PBXGroup section */
		8B76849F27E895C200F6B784 = {
			isa = PBXGroup;
			children = (
				8B7684AA27E895C200F6B784 /* Touchdown */,
				8B7684A927E895C200F6B784 /* Products */,
			);
			sourceTree = "<group>";
		};
		8B7684A927E895C200F6B784 /* Products */ = {
			isa = PBXGroup;
			children = (
				8B7684A827E895C200F6B784 /* Touchdown.app */,
			);
			name = Products;
			sourceTree = "<group>";
		};
		8B7684AA27E895C200F6B784 /* Touchdown */ = {
			isa = PBXGroup;
			children = (
				8B7684C427E896F200F6B784 /* Info.plist */,
				8B7684AB27E895C200F6B784 /* TouchdownApp.swift */,
				8B7684C727E8974F00F6B784 /* Utilities */,
				8B7684C627E8974800F6B784 /* Extensions */,
				8B7684C527E8974400F6B784 /* Models */,
				8B7684B927E8969800F6B784 /* Data */,
				8B7684C327E896B900F6B784 /* Views */,
				8B7684C227E896B200F6B784 /* Screens */,
				8B7684AF27E895C300F6B784 /* Assets.xcassets */,
				8B7684B127E895C300F6B784 /* Preview Content */,
			);
			path = Touchdown;
			sourceTree = "<group>";
		};
		8B7684B127E895C300F6B784 /* Preview Content */ = {
			isa = PBXGroup;
			children = (
				8B7684B227E895C300F6B784 /* Preview Assets.xcassets */,
			);
			path = "Preview Content";
			sourceTree = "<group>";
		};
		8B7684B927E8969800F6B784 /* Data */ = {
			isa = PBXGroup;
			children = (
				8B7684BA27E8969800F6B784 /* brand.json */,
				8B7684BB27E8969800F6B784 /* player.json */,
				8B7684BC27E8969800F6B784 /* category.json */,
				8B7684BD27E8969800F6B784 /* product.json */,
			);
			path = Data;
			sourceTree = "<group>";
		};
		8B7684C227E896B200F6B784 /* Screens */ = {
			isa = PBXGroup;
			children = (
				8B9A2C8D27E9E16400A59B99 /* ProductDetailView.swift */,
				8B7684AD27E895C200F6B784 /* ContentView.swift */,
			);
			path = Screens;
			sourceTree = "<group>";
		};
		8B7684C327E896B900F6B784 /* Views */ = {
			isa = PBXGroup;
			children = (
				8B7684CA27E8980000F6B784 /* ProductDetail */,
				8B7684CB27E8980500F6B784 /* Home */,
			);
			path = Views;
			sourceTree = "<group>";
		};
		8B7684C527E8974400F6B784 /* Models */ = {
			isa = PBXGroup;
			children = (
				8B9A2C6F27E9D26100A59B99 /* Player.swift */,
				8B9A2C7327E9D35200A59B99 /* Brand.swift */,
				8B9A2C7527E9D39D00A59B99 /* Category.swift */,
				8B9A2C7727E9D3D200A59B99 /* Product.swift */,
			);
			path = Models;
			sourceTree = "<group>";
		};
		8B7684C627E8974800F6B784 /* Extensions */ = {
			isa = PBXGroup;
			children = (
			);
			path = Extensions;
			sourceTree = "<group>";
		};
		8B7684C727E8974F00F6B784 /* Utilities */ = {
			isa = PBXGroup;
			children = (
				8B7684C827E8977400F6B784 /* Constant.swift */,
				8B9A2C9D27EA1CA500A59B99 /* Shop.swift */,
				8B9A2C7127E9D2A900A59B99 /* Decoder.swift */,
				8B9A2C9527E9E7FF00A59B99 /* CustomShape.swift */,
			);
			path = Utilities;
			sourceTree = "<group>";
		};
		8B7684CA27E8980000F6B784 /* ProductDetail */ = {
			isa = PBXGroup;
			children = (
				8B9A2C8F27E9E24F00A59B99 /* ProductDetailNavigationBarView.swift */,
				8B9A2C9127E9E41600A59B99 /* ProductDetailHeaderView.swift */,
				8B9A2C9327E9E51000A59B99 /* ProductDetailTopPartView.swift */,
				8B9A2C9727E9E93000A59B99 /* ProductDetailRatingsSizesView.swift */,
				8B9A2C9927E9EB6E00A59B99 /* ProductDetailQuantityFavouriteView.swift */,
				8B9A2C9B27E9ECF300A59B99 /* ProductDetailAddToCartView.swift */,
			);
			path = ProductDetail;
			sourceTree = "<group>";
		};
		8B7684CB27E8980500F6B784 /* Home */ = {
			isa = PBXGroup;
			children = (
				8B7684CC27E8981B00F6B784 /* HomeFooterView.swift */,
				8B9A2C6B27E9C1BD00A59B99 /* HomeNavigationBarView.swift */,
				8B9A2C6D27E9C2CB00A59B99 /* LogoView.swift */,
				8B9A2C7B27E9D4B900A59B99 /* FeaturedItemView.swift */,
				8B9A2C7D27E9D55600A59B99 /* FeaturedTabView.swift */,
				8B9A2C7F27E9D8CD00A59B99 /* CategoryItemView.swift */,
				8B9A2C8127E9D9B800A59B99 /* CategoryGridView.swift */,
				8B9A2C8327E9DB8500A59B99 /* SectionView.swift */,
				8B9A2C8527E9DD2300A59B99 /* TitleView.swift */,
				8B9A2C8727E9DE0800A59B99 /* ProductItemView.swift */,
				8B9A2C8927E9DFE400A59B99 /* BrandItemView.swift */,
				8B9A2C8B27E9E03E00A59B99 /* BrandGridView.swift */,
			);
			path = Home;
			sourceTree = "<group>";
		};
/* End PBXGroup section */

/* Begin PBXNativeTarget section */
		8B7684A727E895C200F6B784 /* Touchdown */ = {
			isa = PBXNativeTarget;
			buildConfigurationList = 8B7684B627E895C300F6B784 /* Build configuration list for PBXNativeTarget "Touchdown" */;
			buildPhases = (
				8B7684A427E895C200F6B784 /* Sources */,
				8B7684A527E895C200F6B784 /* Frameworks */,
				8B7684A627E895C200F6B784 /* Resources */,
			);
			buildRules = (
			);
			dependencies = (
			);
			name = Touchdown;
			productName = Touchdown;
			productReference = 8B7684A827E895C200F6B784 /* Touchdown.app */;
			productType = "com.apple.product-type.application";
		};
/* End PBXNativeTarget section */

/* Begin PBXProject section */
		8B7684A027E895C200F6B784 /* Project object */ = {
			isa = PBXProject;
			attributes = {
				BuildIndependentTargetsInParallel = 1;
				LastSwiftUpdateCheck = 1330;
				LastUpgradeCheck = 1330;
				TargetAttributes = {
					8B7684A727E895C200F6B784 = {
						CreatedOnToolsVersion = 13.3;
					};
				};
			};
			buildConfigurationList = 8B7684A327E895C200F6B784 /* Build configuration list for PBXProject "Touchdown" */;
			compatibilityVersion = "Xcode 13.0";
			developmentRegion = en;
			hasScannedForEncodings = 0;
			knownRegions = (
				en,
				Base,
			);
			mainGroup = 8B76849F27E895C200F6B784;
			productRefGroup = 8B7684A927E895C200F6B784 /* Products */;
			projectDirPath = "";
			projectRoot = "";
			targets = (
				8B7684A727E895C200F6B784 /* Touchdown */,
			);
		};
/* End PBXProject section */

/* Begin PBXResourcesBuildPhase section */
		8B7684A627E895C200F6B784 /* Resources */ = {
			isa = PBXResourcesBuildPhase;
			buildActionMask = 2147483647;
			files = (
				8B7684BF27E8969800F6B784 /* player.json in Resources */,
				8B7684B327E895C300F6B784 /* Preview Assets.xcassets in Resources */,
				8B7684C027E8969800F6B784 /* category.json in Resources */,
				8B7684B027E895C300F6B784 /* Assets.xcassets in Resources */,
				8B7684BE27E8969800F6B784 /* brand.json in Resources */,
				8B7684C127E8969800F6B784 /* product.json in Resources */,
			);
			runOnlyForDeploymentPostprocessing = 0;
		};
/* End PBXResourcesBuildPhase section */

/* Begin PBXSourcesBuildPhase section */
		8B7684A427E895C200F6B784 /* Sources */ = {
			isa = PBXSourcesBuildPhase;
			buildActionMask = 2147483647;
			files = (
				8B7684AE27E895C200F6B784 /* ContentView.swift in Sources */,
				8B9A2C9827E9E93000A59B99 /* ProductDetailRatingsSizesView.swift in Sources */,
				8B9A2C7627E9D39D00A59B99 /* Category.swift in Sources */,
				8B9A2C9427E9E51000A59B99 /* ProductDetailTopPartView.swift in Sources */,
				8B9A2C7427E9D35200A59B99 /* Brand.swift in Sources */,
				8B9A2C9227E9E41600A59B99 /* ProductDetailHeaderView.swift in Sources */,
				8B9A2C9A27E9EB6E00A59B99 /* ProductDetailQuantityFavouriteView.swift in Sources */,
				8B9A2C8027E9D8CD00A59B99 /* CategoryItemView.swift in Sources */,
				8B9A2C9C27E9ECF300A59B99 /* ProductDetailAddToCartView.swift in Sources */,
				8B9A2C6E27E9C2CB00A59B99 /* LogoView.swift in Sources */,
				8B7684AC27E895C200F6B784 /* TouchdownApp.swift in Sources */,
				8B9A2C8C27E9E03E00A59B99 /* BrandGridView.swift in Sources */,
				8B9A2C8227E9D9B800A59B99 /* CategoryGridView.swift in Sources */,
				8B9A2C8E27E9E16400A59B99 /* ProductDetailView.swift in Sources */,
				8B9A2C7E27E9D55600A59B99 /* FeaturedTabView.swift in Sources */,
				8B9A2C7827E9D3D200A59B99 /* Product.swift in Sources */,
				8B9A2C9027E9E24F00A59B99 /* ProductDetailNavigationBarView.swift in Sources */,
				8B9A2C8827E9DE0800A59B99 /* ProductItemView.swift in Sources */,
				8B7684CD27E8981B00F6B784 /* HomeFooterView.swift in Sources */,
				8B9A2C7C27E9D4B900A59B99 /* FeaturedItemView.swift in Sources */,
				8B9A2C8A27E9DFE400A59B99 /* BrandItemView.swift in Sources */,
				8B9A2C7027E9D26100A59B99 /* Player.swift in Sources */,
				8B9A2C8627E9DD2300A59B99 /* TitleView.swift in Sources */,
				8B9A2C9627E9E7FF00A59B99 /* CustomShape.swift in Sources */,
				8B9A2C9E27EA1CA500A59B99 /* Shop.swift in Sources */,
				8B9A2C8427E9DB8500A59B99 /* SectionView.swift in Sources */,
				8B7684C927E8977400F6B784 /* Constant.swift in Sources */,
				8B9A2C7227E9D2A900A59B99 /* Decoder.swift in Sources */,
				8B9A2C6C27E9C1BD00A59B99 /* HomeNavigationBarView.swift in Sources */,
			);
			runOnlyForDeploymentPostprocessing = 0;
		};
/* End PBXSourcesBuildPhase section */

/* Begin XCBuildConfiguration section */
		8B7684B427E895C300F6B784 /* Debug */ = {
			isa = XCBuildConfiguration;
			buildSettings = {
				ALWAYS_SEARCH_USER_PATHS = NO;
				CLANG_ANALYZER_NONNULL = YES;
				CLANG_ANALYZER_NUMBER_OBJECT_CONVERSION = YES_AGGRESSIVE;
				CLANG_CXX_LANGUAGE_STANDARD = "gnu++17";
				CLANG_ENABLE_MODULES = YES;
				CLANG_ENABLE_OBJC_ARC = YES;
				CLANG_ENABLE_OBJC_WEAK = YES;
				CLANG_WARN_BLOCK_CAPTURE_AUTORELEASING = YES;
				CLANG_WARN_BOOL_CONVERSION = YES;
				CLANG_WARN_COMMA = YES;
				CLANG_WARN_CONSTANT_CONVERSION = YES;
				CLANG_WARN_DEPRECATED_OBJC_IMPLEMENTATIONS = YES;
				CLANG_WARN_DIRECT_OBJC_ISA_USAGE = YES_ERROR;
				CLANG_WARN_DOCUMENTATION_COMMENTS = YES;
				CLANG_WARN_EMPTY_BODY = YES;
				CLANG_WARN_ENUM_CONVERSION = YES;
				CLANG_WARN_INFINITE_RECURSION = YES;
				CLANG_WARN_INT_CONVERSION = YES;
				CLANG_WARN_NON_LITERAL_NULL_CONVERSION = YES;
				CLANG_WARN_OBJC_IMPLICIT_RETAIN_SELF = YES;
				CLANG_WARN_OBJC_LITERAL_CONVERSION = YES;
				CLANG_WARN_OBJC_ROOT_CLASS = YES_ERROR;
				CLANG_WARN_QUOTED_INCLUDE_IN_FRAMEWORK_HEADER = YES;
				CLANG_WARN_RANGE_LOOP_ANALYSIS = YES;
				CLANG_WARN_STRICT_PROTOTYPES = YES;
				CLANG_WARN_SUSPICIOUS_MOVE = YES;
				CLANG_WARN_UNGUARDED_AVAILABILITY = YES_AGGRESSIVE;
				CLANG_WARN_UNREACHABLE_CODE = YES;
				CLANG_WARN__DUPLICATE_METHOD_MATCH = YES;
				COPY_PHASE_STRIP = NO;
				DEBUG_INFORMATION_FORMAT = dwarf;
				ENABLE_STRICT_OBJC_MSGSEND = YES;
				ENABLE_TESTABILITY = YES;
				GCC_C_LANGUAGE_STANDARD = gnu11;
				GCC_DYNAMIC_NO_PIC = NO;
				GCC_NO_COMMON_BLOCKS = YES;
				GCC_OPTIMIZATION_LEVEL = 0;
				GCC_PREPROCESSOR_DEFINITIONS = (
					"DEBUG=1",
					"$(inherited)",
				);
				GCC_WARN_64_TO_32_BIT_CONVERSION = YES;
				GCC_WARN_ABOUT_RETURN_TYPE = YES_ERROR;
				GCC_WARN_UNDECLARED_SELECTOR = YES;
				GCC_WARN_UNINITIALIZED_AUTOS = YES_AGGRESSIVE;
				GCC_WARN_UNUSED_FUNCTION = YES;
				GCC_WARN_UNUSED_VARIABLE = YES;
				IPHONEOS_DEPLOYMENT_TARGET = 15.4;
				MTL_ENABLE_DEBUG_INFO = INCLUDE_SOURCE;
				MTL_FAST_MATH = YES;
				ONLY_ACTIVE_ARCH = YES;
				SDKROOT = iphoneos;
				SWIFT_ACTIVE_COMPILATION_CONDITIONS = DEBUG;
				SWIFT_OPTIMIZATION_LEVEL = "-Onone";
			};
			name = Debug;
		};
		8B7684B527E895C300F6B784 /* Release */ = {
			isa = XCBuildConfiguration;
			buildSettings = {
				ALWAYS_SEARCH_USER_PATHS = NO;
				CLANG_ANALYZER_NONNULL = YES;
				CLANG_ANALYZER_NUMBER_OBJECT_CONVERSION = YES_AGGRESSIVE;
				CLANG_CXX_LANGUAGE_STANDARD = "gnu++17";
				CLANG_ENABLE_MODULES = YES;
				CLANG_ENABLE_OBJC_ARC = YES;
				CLANG_ENABLE_OBJC_WEAK = YES;
				CLANG_WARN_BLOCK_CAPTURE_AUTORELEASING = YES;
				CLANG_WARN_BOOL_CONVERSION = YES;
				CLANG_WARN_COMMA = YES;
				CLANG_WARN_CONSTANT_CONVERSION = YES;
				CLANG_WARN_DEPRECATED_OBJC_IMPLEMENTATIONS = YES;
				CLANG_WARN_DIRECT_OBJC_ISA_USAGE = YES_ERROR;
				CLANG_WARN_DOCUMENTATION_COMMENTS = YES;
				CLANG_WARN_EMPTY_BODY = YES;
				CLANG_WARN_ENUM_CONVERSION = YES;
				CLANG_WARN_INFINITE_RECURSION = YES;
				CLANG_WARN_INT_CONVERSION = YES;
				CLANG_WARN_NON_LITERAL_NULL_CONVERSION = YES;
				CLANG_WARN_OBJC_IMPLICIT_RETAIN_SELF = YES;
				CLANG_WARN_OBJC_LITERAL_CONVERSION = YES;
				CLANG_WARN_OBJC_ROOT_CLASS = YES_ERROR;
				CLANG_WARN_QUOTED_INCLUDE_IN_FRAMEWORK_HEADER = YES;
				CLANG_WARN_RANGE_LOOP_ANALYSIS = YES;
				CLANG_WARN_STRICT_PROTOTYPES = YES;
				CLANG_WARN_SUSPICIOUS_MOVE = YES;
				CLANG_WARN_UNGUARDED_AVAILABILITY = YES_AGGRESSIVE;
				CLANG_WARN_UNREACHABLE_CODE = YES;
				CLANG_WARN__DUPLICATE_METHOD_MATCH = YES;
				COPY_PHASE_STRIP = NO;
				DEBUG_INFORMATION_FORMAT = "dwarf-with-dsym";
				ENABLE_NS_ASSERTIONS = NO;
				ENABLE_STRICT_OBJC_MSGSEND = YES;
				GCC_C_LANGUAGE_STANDARD = gnu11;
				GCC_NO_COMMON_BLOCKS = YES;
				GCC_WARN_64_TO_32_BIT_CONVERSION = YES;
				GCC_WARN_ABOUT_RETURN_TYPE = YES_ERROR;
				GCC_WARN_UNDECLARED_SELECTOR = YES;
				GCC_WARN_UNINITIALIZED_AUTOS = YES_AGGRESSIVE;
				GCC_WARN_UNUSED_FUNCTION = YES;
				GCC_WARN_UNUSED_VARIABLE = YES;
				IPHONEOS_DEPLOYMENT_TARGET = 15.4;
				MTL_ENABLE_DEBUG_INFO = NO;
				MTL_FAST_MATH = YES;
				SDKROOT = iphoneos;
				SWIFT_COMPILATION_MODE = wholemodule;
				SWIFT_OPTIMIZATION_LEVEL = "-O";
				VALIDATE_PRODUCT = YES;
			};
			name = Release;
		};
		8B7684B727E895C300F6B784 /* Debug */ = {
			isa = XCBuildConfiguration;
			buildSettings = {
				ASSETCATALOG_COMPILER_APPICON_NAME = AppIcon;
				ASSETCATALOG_COMPILER_GLOBAL_ACCENT_COLOR_NAME = AccentColor;
				CODE_SIGN_STYLE = Automatic;
				CURRENT_PROJECT_VERSION = 1;
				DEVELOPMENT_ASSET_PATHS = "\"Touchdown/Preview Content\"";
				DEVELOPMENT_TEAM = QSNJ9UDHM7;
				ENABLE_PREVIEWS = YES;
				GENERATE_INFOPLIST_FILE = YES;
				INFOPLIST_FILE = Touchdown/Info.plist;
				INFOPLIST_KEY_UIApplicationSceneManifest_Generation = YES;
				INFOPLIST_KEY_UIApplicationSupportsIndirectInputEvents = YES;
				INFOPLIST_KEY_UISupportedInterfaceOrientations = UIInterfaceOrientationPortrait;
				INFOPLIST_KEY_UISupportedInterfaceOrientations_iPad = "UIInterfaceOrientationPortrait UIInterfaceOrientationPortraitUpsideDown UIInterfaceOrientationLandscapeLeft UIInterfaceOrientationLandscapeRight";
				INFOPLIST_KEY_UISupportedInterfaceOrientations_iPhone = "UIInterfaceOrientationPortrait UIInterfaceOrientationLandscapeLeft UIInterfaceOrientationLandscapeRight";
				INFOPLIST_KEY_UIUserInterfaceStyle = Light;
				LD_RUNPATH_SEARCH_PATHS = (
					"$(inherited)",
					"@executable_path/Frameworks",
				);
				MARKETING_VERSION = 1.0;
				PRODUCT_BUNDLE_IDENTIFIER = com.knottx.Touchdown;
				PRODUCT_NAME = "$(TARGET_NAME)";
				SWIFT_EMIT_LOC_STRINGS = YES;
				SWIFT_VERSION = 5.0;
				TARGETED_DEVICE_FAMILY = "1,2";
			};
			name = Debug;
		};
		8B7684B827E895C300F6B784 /* Release */ = {
			isa = XCBuildConfiguration;
			buildSettings = {
				ASSETCATALOG_COMPILER_APPICON_NAME = AppIcon;
				ASSETCATALOG_COMPILER_GLOBAL_ACCENT_COLOR_NAME = AccentColor;
				CODE_SIGN_STYLE = Automatic;
				CURRENT_PROJECT_VERSION = 1;
				DEVELOPMENT_ASSET_PATHS = "\"Touchdown/Preview Content\"";
				DEVELOPMENT_TEAM = QSNJ9UDHM7;
				ENABLE_PREVIEWS = YES;
				GENERATE_INFOPLIST_FILE = YES;
				INFOPLIST_FILE = Touchdown/Info.plist;
				INFOPLIST_KEY_UIApplicationSceneManifest_Generation = YES;
				INFOPLIST_KEY_UIApplicationSupportsIndirectInputEvents = YES;
				INFOPLIST_KEY_UISupportedInterfaceOrientations = UIInterfaceOrientationPortrait;
				INFOPLIST_KEY_UISupportedInterfaceOrientations_iPad = "UIInterfaceOrientationPortrait UIInterfaceOrientationPortraitUpsideDown UIInterfaceOrientationLandscapeLeft UIInterfaceOrientationLandscapeRight";
				INFOPLIST_KEY_UISupportedInterfaceOrientations_iPhone = "UIInterfaceOrientationPortrait UIInterfaceOrientationLandscapeLeft UIInterfaceOrientationLandscapeRight";
				INFOPLIST_KEY_UIUserInterfaceStyle = Light;
				LD_RUNPATH_SEARCH_PATHS = (
					"$(inherited)",
					"@executable_path/Frameworks",
				);
				MARKETING_VERSION = 1.0;
				PRODUCT_BUNDLE_IDENTIFIER = com.knottx.Touchdown;
				PRODUCT_NAME = "$(TARGET_NAME)";
				SWIFT_EMIT_LOC_STRINGS = YES;
				SWIFT_VERSION = 5.0;
				TARGETED_DEVICE_FAMILY = "1,2";
			};
			name = Release;
		};
/* End XCBuildConfiguration section */

/* Begin XCConfigurationList section */
		8B7684A327E895C200F6B784 /* Build configuration list for PBXProject "Touchdown" */ = {
			isa = XCConfigurationList;
			buildConfigurations = (
				8B7684B427E895C300F6B784 /* Debug */,
				8B7684B527E895C300F6B784 /* Release */,
			);
			defaultConfigurationIsVisible = 0;
			defaultConfigurationName = Release;
		};
		8B7684B627E895C300F6B784 /* Build configuration list for PBXNativeTarget "Touchdown" */ = {
			isa = XCConfigurationList;
			buildConfigurations = (
				8B7684B727E895C300F6B784 /* Debug */,
				8B7684B827E895C300F6B784 /* Release */,
			);
			defaultConfigurationIsVisible = 0;
			defaultConfigurationName = Release;
		};
/* End XCConfigurationList section */
	};
	rootObject = 8B7684A027E895C200F6B784 /* Project object */;
}
